
Microsoft Visual Studio Solution File, Format Version 12.00
# Visual Studio Version 16
VisualStudioVersion = 16.0.30907.101
MinimumVisualStudioVersion = 10.0.40219.1
Project("{FAE04EC0-301F-11D3-BF4B-00C04F79EFBC}") = "Laptimer1", "Laptimer1.csproj", "{8E46F564-72AC-49E2-9DB8-9E70F782129A}"
EndProject
Global
	GlobalSection(SolutionConfigurationPlatforms) = preSolution
		Debug|Any CPU = Debug|Any CPU
		Release|Any CPU = Release|Any CPU
	EndGlobalSection
	GlobalSection(ProjectConfigurationPlatforms) = postSolution
		{8E46F564-72AC-49E2-9DB8-9E70F782129A}.Debug|Any CPU.ActiveCfg = Debug|Any CPU
		{8E46F564-72AC-49E2-9DB8-9E70F782129A}.Debug|Any CPU.Build.0 = Debug|Any CPU
		{8E46F564-72AC-49E2-9DB8-9E70F782129A}.Release|Any CPU.ActiveCfg = Release|Any CPU
		{8E46F564-72AC-49E2-9DB8-9E70F782129A}.Release|Any CPU.Build.0 = Release|Any CPU
	EndGlobalSection
	GlobalSection(SolutionProperties) = preSolution
		HideSolutionNode = FALSE
	EndGlobalSection
	GlobalSection(ExtensibilityGlobals) = postSolution
		SolutionGuid = {A279F731-2DCD-4F5F-89B0-0A15584DBFA7}
	EndGlobalSection
EndGlobal
